
Microsoft Visual Studio Solution File, Format Version 12.00
# Visual Studio 15
VisualStudioVersion = 15.0.28307.168
MinimumVisualStudioVersion = 10.0.40219.1
Project("{9A19103F-16F7-4668-BE54-9A1E7A4F7556}") = "CognitiveApp.Entities", "CognitiveApp.Entities\CognitiveApp.Entities.csproj", "{32BE9CF6-5E0C-4626-90A0-386828A42647}"
EndProject
Project("{9A19103F-16F7-4668-BE54-9A1E7A4F7556}") = "CognitiveApp.Services", "CognitiveApp.Services\CognitiveApp.Services.csproj", "{D06A174B-B2F0-46E2-98B9-D75963C3BAF5}"
EndProject
Project("{FAE04EC0-301F-11D3-BF4B-00C04F79EFBC}") = "CognitiveApp", "CognitiveApp\CognitiveApp.csproj", "{E8E1E891-6510-44B6-9F42-42F173574EFD}"
EndProject
Project("{E53339B2-1760-4266-BCC7-CA923CBCF16C}") = "docker-compose", "docker-compose.dcproj", "{BC2C21A8-DC7D-42CA-B010-4E614B1B5BD5}"
EndProject
Global
	GlobalSection(SolutionConfigurationPlatforms) = preSolution
		Debug|Any CPU = Debug|Any CPU
		Release|Any CPU = Release|Any CPU
	EndGlobalSection
	GlobalSection(ProjectConfigurationPlatforms) = postSolution
		{32BE9CF6-5E0C-4626-90A0-386828A42647}.Debug|Any CPU.ActiveCfg = Debug|Any CPU
		{32BE9CF6-5E0C-4626-90A0-386828A42647}.Debug|Any CPU.Build.0 = Debug|Any CPU
		{32BE9CF6-5E0C-4626-90A0-386828A42647}.Release|Any CPU.ActiveCfg = Release|Any CPU
		{32BE9CF6-5E0C-4626-90A0-386828A42647}.Release|Any CPU.Build.0 = Release|Any CPU
		{D06A174B-B2F0-46E2-98B9-D75963C3BAF5}.Debug|Any CPU.ActiveCfg = Debug|Any CPU
		{D06A174B-B2F0-46E2-98B9-D75963C3BAF5}.Debug|Any CPU.Build.0 = Debug|Any CPU
		{D06A174B-B2F0-46E2-98B9-D75963C3BAF5}.Release|Any CPU.ActiveCfg = Release|Any CPU
		{D06A174B-B2F0-46E2-98B9-D75963C3BAF5}.Release|Any CPU.Build.0 = Release|Any CPU
		{E8E1E891-6510-44B6-9F42-42F173574EFD}.Debug|Any CPU.ActiveCfg = Debug|Any CPU
		{E8E1E891-6510-44B6-9F42-42F173574EFD}.Debug|Any CPU.Build.0 = Debug|Any CPU
		{E8E1E891-6510-44B6-9F42-42F173574EFD}.Release|Any CPU.ActiveCfg = Release|Any CPU
		{E8E1E891-6510-44B6-9F42-42F173574EFD}.Release|Any CPU.Build.0 = Release|Any CPU
		{BC2C21A8-DC7D-42CA-B010-4E614B1B5BD5}.Debug|Any CPU.ActiveCfg = Debug|Any CPU
		{BC2C21A8-DC7D-42CA-B010-4E614B1B5BD5}.Debug|Any CPU.Build.0 = Debug|Any CPU
		{BC2C21A8-DC7D-42CA-B010-4E614B1B5BD5}.Release|Any CPU.ActiveCfg = Release|Any CPU
		{BC2C21A8-DC7D-42CA-B010-4E614B1B5BD5}.Release|Any CPU.Build.0 = Release|Any CPU
	EndGlobalSection
	GlobalSection(SolutionProperties) = preSolution
		HideSolutionNode = FALSE
	EndGlobalSection
	GlobalSection(ExtensibilityGlobals) = postSolution
		SolutionGuid = {D1473C4A-5540-44E4-AB57-4B40F833DDEE}
	EndGlobalSection
EndGlobal
